{
  "fingerprints": {
    "py://packages/stitcher-cli/src/stitcher/__init__.py#__path__": {},
    "py://packages/stitcher-cli/src/stitcher/cli/__init__.py#__all__": {},
    "py://packages/stitcher-cli/src/stitcher/cli/__init__.py#__path__": {},
    "py://packages/stitcher-cli/src/stitcher/cli/commands/basics.py#generate_command": {
      "baseline_code_signature_text": "def generate_command(dry_run: bool = typer.Option(False, '--dry-run', help=(nexus(L.cli.option.refactor_dry_run.help)))):",
      "baseline_code_structure_hash": "c407333c772871bd783de6f8800626a97a9fb23df3a251f8e7de6409e8af01c7"
    },
    "py://packages/stitcher-cli/src/stitcher/cli/commands/basics.py#init_command": {
      "baseline_code_signature_text": "def init_command():",
      "baseline_code_structure_hash": "9a25d120820f6f43a978ae290b59d72ca2eafe728f2ae16eb2145a1e3f990f34"
    },
    "py://packages/stitcher-cli/src/stitcher/cli/commands/basics.py#inject_command": {
      "baseline_code_signature_text": "def inject_command(dry_run: bool = typer.Option(False, '--dry-run', help=(nexus(L.cli.option.refactor_dry_run.help)))):",
      "baseline_code_structure_hash": "b81f9a002fa7135a2d2655799dda4bd62d3c28d5bc6db726d6d7a59afe0ec9bc"
    },
    "py://packages/stitcher-cli/src/stitcher/cli/commands/basics.py#strip_command": {
      "baseline_code_signature_text": "def strip_command(dry_run: bool = typer.Option(False, '--dry-run', help=(nexus(L.cli.option.refactor_dry_run.help)))):",
      "baseline_code_structure_hash": "22ac2b9521d64c6646b67b32219fa99a6c7c25210bc1133f0cd7996c69f42904"
    },
    "py://packages/stitcher-cli/src/stitcher/cli/commands/check.py#check_command": {
      "baseline_code_signature_text": "def check_command(force_relink: bool = typer.Option(False, '--force-relink', help=(nexus(L.cli.option.force_relink.help))), reconcile: bool = typer.Option(False, '--reconcile', help=(nexus(L.cli.option.reconcile_co_evolution.help))), non_interactive: bool = typer.Option(False, '--non-interactive', help=(nexus(L.cli.option.non_interactive.help)))):",
      "baseline_code_structure_hash": "59919aebae0153bbe277488c09b9d545623a43825cd18cd1f2b84783011b9fdf"
    },
    "py://packages/stitcher-cli/src/stitcher/cli/commands/cov.py#cov_command": {
      "baseline_code_signature_text": "def cov_command():",
      "baseline_code_structure_hash": "f82d1984ea0a7e542b1dbfb2aa13a37b442ae4d55f4d066488b4ecace7ec5ede"
    },
    "py://packages/stitcher-cli/src/stitcher/cli/commands/index.py#index_build_command": {
      "baseline_code_signature_text": "def index_build_command():",
      "baseline_code_structure_hash": "def0f3ae8e08718f8d54ec93747e88dee09f90a83c1de906431b6d9cc831cff8"
    },
    "py://packages/stitcher-cli/src/stitcher/cli/commands/pump.py#pump_command": {
      "baseline_code_signature_text": "def pump_command(strip: bool = typer.Option(False, '--strip', help=(nexus(L.cli.option.strip.help))), force: bool = typer.Option(False, '--force', help=(nexus(L.cli.option.force.help))), reconcile: bool = typer.Option(False, '--reconcile', help=(nexus(L.cli.option.reconcile.help))), non_interactive: bool = typer.Option(False, '--non-interactive', help=(nexus(L.cli.option.non_interactive.help))), dry_run: bool = typer.Option(False, '--dry-run', help=(nexus(L.cli.option.refactor_dry_run.help)))):",
      "baseline_code_structure_hash": "d4c0b6c8dee8ca25c7d04e2940f25908563ddee8151389445d85ccb0e7e3bbb2"
    },
    "py://packages/stitcher-cli/src/stitcher/cli/commands/refactor.py#refactor_command": {
      "baseline_code_signature_text": "def refactor_command(migration_script: Path = typer.Argument(..., exists=True, file_okay=True, dir_okay=False, readable=True, help=(nexus(L.cli.option.refactor_script_path.help))), dry_run: bool = typer.Option(False, '--dry-run', help=(nexus(L.cli.option.refactor_dry_run.help))), yes: bool = typer.Option(False, '-y', '--yes', help=(nexus(L.cli.option.refactor_yes.help)))):",
      "baseline_code_structure_hash": "e79e159572ae630992efc68ee208b673ae80ae4f4773fbb9fecedacf6d8de96b"
    },
    "py://packages/stitcher-cli/src/stitcher/cli/factories.py#get_project_root": {
      "baseline_code_signature_text": "def get_project_root() -> Path:",
      "baseline_code_structure_hash": "2f4a94d6ffeef80d3d85e7f1812a7cacc3e6bebbe430509a2b960e7a76554691",
      "baseline_yaml_content_hash": "cbe9a611867feeb35f4cee6991f69ce208de9bb4132595e2bfba962d534329a6"
    },
    "py://packages/stitcher-cli/src/stitcher/cli/factories.py#make_app": {
      "baseline_code_signature_text": "def make_app(handler: Optional[InteractionHandler] = None) -> StitcherApp:",
      "baseline_code_structure_hash": "60b4b9545d7848e87858a23ed1898379829d589f2a205b0899bb050f82d12782"
    },
    "py://packages/stitcher-cli/src/stitcher/cli/factories.py#make_interaction_handler": {
      "baseline_code_signature_text": "def make_interaction_handler(non_interactive: bool = False, auto_resolve_mode: bool = False) -> Optional[InteractionHandler]:",
      "baseline_code_structure_hash": "f3b9a3cbfed6e6ee7fe7a1afc12c46cc232611ef9a6bbae0f248d940c759e3b1"
    },
    "py://packages/stitcher-cli/src/stitcher/cli/handlers.py#TyperInteractionHandler": {
      "baseline_code_signature_text": "class TyperInteractionHandler(InteractionHandler):",
      "baseline_code_structure_hash": "8563b8e53d5a97197781c900a2c82521584235ee1c2c39abdae19f9e8cbd6280"
    },
    "py://packages/stitcher-cli/src/stitcher/cli/handlers.py#TyperInteractionHandler.__init__": {
      "baseline_code_signature_text": "def __init__(self, renderer: TyperInteractiveRenderer):",
      "baseline_code_structure_hash": "d77ce6fe01da13a934399a1e0954bd5edb7b2d2f89a3ee307f9e1dc265ed0dd1"
    },
    "py://packages/stitcher-cli/src/stitcher/cli/handlers.py#TyperInteractionHandler.process_interactive_session": {
      "baseline_code_signature_text": "def process_interactive_session(self, contexts: List[InteractionContext]) -> List[ResolutionAction]:",
      "baseline_code_structure_hash": "72ab2928cd87e4ba0ccc8358dc09f0186a38a90654abd80ff66a8358659e5a1b"
    },
    "py://packages/stitcher-cli/src/stitcher/cli/handlers.py#TyperInteractionHandler.renderer": {},
    "py://packages/stitcher-cli/src/stitcher/cli/interactive.py#SemanticMenuOption": {
      "baseline_code_signature_text": "class SemanticMenuOption:",
      "baseline_code_structure_hash": "46bbd14948090d5d063ff72a84d2829711d92c3c706a8b4ed833c5f186ed6844"
    },
    "py://packages/stitcher-cli/src/stitcher/cli/interactive.py#SemanticMenuOption.action": {},
    "py://packages/stitcher-cli/src/stitcher/cli/interactive.py#SemanticMenuOption.desc_id": {},
    "py://packages/stitcher-cli/src/stitcher/cli/interactive.py#SemanticMenuOption.key": {},
    "py://packages/stitcher-cli/src/stitcher/cli/interactive.py#SemanticMenuOption.label_id": {},
    "py://packages/stitcher-cli/src/stitcher/cli/interactive.py#TyperInteractiveRenderer": {
      "baseline_code_signature_text": "class TyperInteractiveRenderer:",
      "baseline_code_structure_hash": "2d3308b50a4944278ed9bbedd73bb2ff14e6c39e04d6264bf5961e7e9ab3f0c2"
    },
    "py://packages/stitcher-cli/src/stitcher/cli/interactive.py#TyperInteractiveRenderer.__init__": {
      "baseline_code_signature_text": "def __init__(self, operator):",
      "baseline_code_structure_hash": "7ce9d0debd71b01d311ff177446a9d973e80bab2cd702699bcac2aaa964893d8"
    },
    "py://packages/stitcher-cli/src/stitcher/cli/interactive.py#TyperInteractiveRenderer.operator": {},
    "py://packages/stitcher-cli/src/stitcher/cli/interactive.py#TyperInteractiveRenderer.prompt": {
      "baseline_code_signature_text": "def prompt(self, context: InteractionContext, current_idx: int, total: int, options: List[SemanticMenuOption], default_action: Any) -> Any:",
      "baseline_code_structure_hash": "2990ad5409ad5bc65cb068eee5cd9c70a7a33d29688a37c26662f574c8ffd1ab"
    },
    "py://packages/stitcher-cli/src/stitcher/cli/interactive.py#TyperInteractiveRenderer.show_message": {
      "baseline_code_signature_text": "def show_message(self, msg_id: SemanticPointer, color = None, **kwargs = {}) -> None:",
      "baseline_code_structure_hash": "70341b3f84b5bc6d5954a873baa283b28bd898a04c33eff43b85242587b1f8c8"
    },
    "py://packages/stitcher-cli/src/stitcher/cli/interactive.py#TyperInteractiveRenderer.show_summary": {
      "baseline_code_signature_text": "def show_summary(self, count: int) -> None:",
      "baseline_code_structure_hash": "28152474c6397aa120c35e5adcae954f425b3530545bc779c541ac04e1c5b97d"
    },
    "py://packages/stitcher-cli/src/stitcher/cli/main.py#app": {},
    "py://packages/stitcher-cli/src/stitcher/cli/main.py#index_app": {},
    "py://packages/stitcher-cli/src/stitcher/cli/main.py#main": {
      "baseline_code_signature_text": "def main(loglevel: LogLevel = typer.Option(LogLevel.INFO, '--loglevel', help=(nexus(L.cli.option.loglevel.help)), case_sensitive=False)):",
      "baseline_code_structure_hash": "56922e8d16047fc9df6a3003e66450c1d1a9e2cd6eb5f34cb57dc3f634421744"
    },
    "py://packages/stitcher-cli/src/stitcher/cli/main.py#refactor_app": {},
    "py://packages/stitcher-cli/src/stitcher/cli/rendering.py#CliRenderer": {
      "baseline_code_signature_text": "class CliRenderer(protocols.Renderer):",
      "baseline_code_structure_hash": "be99441fa563ad512ea7af90b657f1a2cca2298be2167ba456a763f9103e9a72"
    },
    "py://packages/stitcher-cli/src/stitcher/cli/rendering.py#CliRenderer.__init__": {
      "baseline_code_signature_text": "def __init__(self, loglevel: LogLevel = LogLevel.INFO):",
      "baseline_code_structure_hash": "a60fac60b8dd110de50af46063c53edeac7600983ac62c2abe47cbb66ce7dece"
    },
    "py://packages/stitcher-cli/src/stitcher/cli/rendering.py#CliRenderer.loglevel_value": {},
    "py://packages/stitcher-cli/src/stitcher/cli/rendering.py#CliRenderer.render": {
      "baseline_code_signature_text": "def render(self, message: str, level: str):",
      "baseline_code_structure_hash": "92afbd272a6d674fca2cfa99e3548adaa018e08a00636d1c63b6e112eba21442"
    },
    "py://packages/stitcher-cli/src/stitcher/cli/rendering.py#CliRenderer.verbose": {
      "baseline_yaml_content_hash": "336ebcdcedb0fe0d1aab3d423edfa41d1678808c65335e3556d7d0bc4fb0487e"
    },
    "py://packages/stitcher-cli/src/stitcher/cli/rendering.py#LEVEL_MAP": {},
    "py://packages/stitcher-cli/src/stitcher/cli/rendering.py#LogLevel": {
      "baseline_code_signature_text": "class LogLevel(str, Enum):",
      "baseline_code_structure_hash": "5d2326330cb0bd802863b2eef1662346057ffa078a704457e5e400c9d848d1a7"
    },
    "py://packages/stitcher-cli/src/stitcher/cli/rendering.py#LogLevel.DEBUG": {},
    "py://packages/stitcher-cli/src/stitcher/cli/rendering.py#LogLevel.ERROR": {},
    "py://packages/stitcher-cli/src/stitcher/cli/rendering.py#LogLevel.INFO": {},
    "py://packages/stitcher-cli/src/stitcher/cli/rendering.py#LogLevel.SUCCESS": {},
    "py://packages/stitcher-cli/src/stitcher/cli/rendering.py#LogLevel.WARNING": {}
  },
  "version": "1.0"
}
