{
  "fingerprints": {
    "py://packages/pyneedle-spec/src/needle/__init__.py#__path__": {},
    "py://packages/pyneedle-spec/src/needle/spec/__init__.py#__all__": {},
    "py://packages/pyneedle-spec/src/needle/spec/__init__.py#__path__": {},
    "py://packages/pyneedle-spec/src/needle/spec/protocols.py#OperatorProtocol": {
      "baseline_code_signature_text": "class OperatorProtocol(Protocol):",
      "baseline_code_structure_hash": "be359ebb5ee2be3b14503f69ba151663819c18b32f0a8bfab1fd98b5f3df8095",
      "baseline_yaml_content_hash": "8a6b5051bb3b0af565edac59cb654289320aa14f9e16f55e2ed4551e337ae010"
    },
    "py://packages/pyneedle-spec/src/needle/spec/protocols.py#OperatorProtocol.__call__": {
      "baseline_code_signature_text": "def __call__(self, key: Any) -> Any:",
      "baseline_code_structure_hash": "34dfafc1708c356a4de8ad3b5b2b6c881f18a542c6112116c22327781fbd90fd",
      "baseline_yaml_content_hash": "561b46ce0d88aaef9999df23518103cd20346be2a023f4ec3b8142efdef13d80"
    },
    "py://packages/pyneedle-spec/src/needle/spec/protocols.py#PointerSetProtocol": {
      "baseline_code_signature_text": "class PointerSetProtocol(Protocol):",
      "baseline_code_structure_hash": "06ea7ef87e8e756e9ca544d5e4c4e81c3b5c09bd2b57817a7d8febdb69e3c3c0",
      "baseline_yaml_content_hash": "fbfc7c827c1724c57b644d8dfbd11e0d3a67430dd8ddde7eff896e12a495bf49"
    },
    "py://packages/pyneedle-spec/src/needle/spec/protocols.py#PointerSetProtocol.__add__": {
      "baseline_code_signature_text": "def __add__(self, other: Union[str, SemanticPointerProtocol]) -> PointerSetProtocol:",
      "baseline_code_structure_hash": "ebedbffeea58403800036e1c95817a20664eb3fcde12caa6c75932fc5903343d",
      "baseline_yaml_content_hash": "9ee159a052672a8520d4c8fdb177ee07b12e3dc4f22723be89b59e2635cb6467"
    },
    "py://packages/pyneedle-spec/src/needle/spec/protocols.py#PointerSetProtocol.__iter__": {
      "baseline_code_signature_text": "def __iter__(self) -> Iterable[SemanticPointerProtocol]:",
      "baseline_code_structure_hash": "9c54c6e76c87768f872a7ab08eace4ca4be258e17bbf734634adf1305d6f52a1",
      "baseline_yaml_content_hash": "562aa4c0733fc9eb8dcb54d884837aaded1baac4216f8158cfb0ca4f91a6b1f9"
    },
    "py://packages/pyneedle-spec/src/needle/spec/protocols.py#PointerSetProtocol.__mul__": {
      "baseline_code_signature_text": "def __mul__(self, other: Any) -> PointerSetProtocol:",
      "baseline_code_structure_hash": "802c0ac625164baab81be31c4e37c3d523ab3b1e9abfc65adb8a14899bffc3ce",
      "baseline_yaml_content_hash": "53ad9bd8d4c14d8ac40bb4bb43a356440789f761491caed98ae50bba47e19963"
    },
    "py://packages/pyneedle-spec/src/needle/spec/protocols.py#PointerSetProtocol.__or__": {
      "baseline_code_signature_text": "def __or__(self, other: PointerSetProtocol) -> PointerSetProtocol:",
      "baseline_code_structure_hash": "9dfad11efae1e94994452e9eb360a45de4cdea25e9dcef120c3472429c90c5eb",
      "baseline_yaml_content_hash": "9fbdbf255d7a9eb2562a1886e87403260796804b450052aaffe080a5006a171f"
    },
    "py://packages/pyneedle-spec/src/needle/spec/protocols.py#PointerSetProtocol.__truediv__": {
      "baseline_code_signature_text": "def __truediv__(self, other: Union[str, SemanticPointerProtocol]) -> PointerSetProtocol:",
      "baseline_code_structure_hash": "ed31760c74ba3e1680912f48511ea0f71a03210f2c0f66e02a477df04a20e5d9",
      "baseline_yaml_content_hash": "26ea2272dda6f4468c89d6cee2abf664e903e7e9b1936cd1bc1f0536323465b5"
    },
    "py://packages/pyneedle-spec/src/needle/spec/protocols.py#SemanticPointerProtocol": {
      "baseline_code_signature_text": "class SemanticPointerProtocol(Protocol[T_Pointer]):",
      "baseline_code_structure_hash": "411633d3565f3e2efd8a41697ba098d7d767c1a05f26ee37ac5065a1ff1b3e5e",
      "baseline_yaml_content_hash": "4da9397b7e1de4c6ce4a1a65ce5dd76dc7d06dcd0887a27adae3458a5c44bf52"
    },
    "py://packages/pyneedle-spec/src/needle/spec/protocols.py#SemanticPointerProtocol.__add__": {
      "baseline_code_signature_text": "def __add__(self, other: Any) -> T_Pointer:",
      "baseline_code_structure_hash": "5e082dd115ab80a49f3ae09291dbb05b07a4039f3826abaf52ca2cb4f0b5f8db",
      "baseline_yaml_content_hash": "b6faf0ba2872dc579997bb72af258680cd2605c1b8062bc22e38b2d24f5a7e60"
    },
    "py://packages/pyneedle-spec/src/needle/spec/protocols.py#SemanticPointerProtocol.__eq__": {
      "baseline_code_signature_text": "def __eq__(self, other: Any) -> bool:",
      "baseline_code_structure_hash": "64791379f55526bfbcdbd5e4eb5f170164c62aa5da15a0cdc77d330d85988545",
      "baseline_yaml_content_hash": "d1c791f44d752d7d3d686c245a27b28ffec902c0b28378cf7b664e0a664c5d83"
    },
    "py://packages/pyneedle-spec/src/needle/spec/protocols.py#SemanticPointerProtocol.__getattr__": {
      "baseline_code_signature_text": "def __getattr__(self, name: str) -> T_Pointer:",
      "baseline_code_structure_hash": "a091c1019ecf7da6843bf852116f39a8f877ac3b8efb0899014724dc10ced563",
      "baseline_yaml_content_hash": "b2f133fad49cae86fcf6a9cf4815e82be8be88d4809057265a0534b6c89693a1"
    },
    "py://packages/pyneedle-spec/src/needle/spec/protocols.py#SemanticPointerProtocol.__hash__": {
      "baseline_code_signature_text": "def __hash__(self) -> int:",
      "baseline_code_structure_hash": "53ee96944ca95927e3268dafe9cc2e667cbded1f5bd6b47fc36209593ac659ff",
      "baseline_yaml_content_hash": "416bf7b9d3014eeaa2924498082d1a93b71cc8f2b49b5cf7fa3122d463da649b"
    },
    "py://packages/pyneedle-spec/src/needle/spec/protocols.py#SemanticPointerProtocol.__mul__": {
      "baseline_code_signature_text": "def __mul__(self, other: Any) -> PointerSetProtocol:",
      "baseline_code_structure_hash": "802c0ac625164baab81be31c4e37c3d523ab3b1e9abfc65adb8a14899bffc3ce",
      "baseline_yaml_content_hash": "5ecbf8d2fd96aa16b449af448144b984dc896ad20d7acf0f4ccbad7d77ed6f1c"
    },
    "py://packages/pyneedle-spec/src/needle/spec/protocols.py#SemanticPointerProtocol.__str__": {
      "baseline_code_signature_text": "def __str__(self) -> str:",
      "baseline_code_structure_hash": "62cbd22918e30f44e88b8a4fd71210188066cb9294b732c3eba13e29ea8f1334",
      "baseline_yaml_content_hash": "cb9ef11e0218e026d6cf7d627de27d8604d2fc7bcb4764fe55010708e16c5c3c"
    },
    "py://packages/pyneedle-spec/src/needle/spec/protocols.py#SemanticPointerProtocol.__truediv__": {
      "baseline_code_signature_text": "def __truediv__(self, other: Union[str, SemanticPointerProtocol]) -> T_Pointer:",
      "baseline_code_structure_hash": "72a4f1268efd832ea151eb48daa4587512a48b83eafe79038c1447f16e1de37d",
      "baseline_yaml_content_hash": "ab040b260136eda4712f95c82d1733a4d1e848b318324144cddd0aa9f2d67ee1"
    },
    "py://packages/pyneedle-spec/src/needle/spec/protocols.py#T_Pointer": {
      "baseline_yaml_content_hash": "58d7a64da931b37f19a269fc0482368695a6d8699ffb99bd2b78cf39191afed0"
    }
  },
  "version": "1.0"
}
