{
  "fingerprints": {
    "py://packages/stitcher-stubgen/src/stitcher/__init__.py#__path__": {},
    "py://packages/stitcher-stubgen/src/stitcher/stubgen/__init__.py#StubgenService": {
      "baseline_code_signature_text": "class StubgenService:",
      "baseline_code_structure_hash": "b8bf0fdab788c4c6f42c78b58fb260c1198c8ca8e00a37e50ae6618b65618da0"
    },
    "py://packages/stitcher-stubgen/src/stitcher/stubgen/__init__.py#StubgenService.__init__": {
      "baseline_code_signature_text": "def __init__(self, root_path: Path, scanner: ScannerService, doc_manager: DocumentManager, transformer: LanguageTransformerProtocol):",
      "baseline_code_structure_hash": "e53d7571623762b36138adefa9ef3ca5f09ee2e98c54209bf8afdd656266ac65"
    },
    "py://packages/stitcher-stubgen/src/stitcher/stubgen/__init__.py#StubgenService._generator": {},
    "py://packages/stitcher-stubgen/src/stitcher/stubgen/__init__.py#StubgenService._runner": {},
    "py://packages/stitcher-stubgen/src/stitcher/stubgen/__init__.py#StubgenService._stub_pkg_manager": {},
    "py://packages/stitcher-stubgen/src/stitcher/stubgen/__init__.py#StubgenService.generate": {
      "baseline_code_signature_text": "def generate(self, modules: List[ModuleDef], config: StitcherConfig, tm: TransactionManager, project_name: Optional[str] = None) -> List[Path]:",
      "baseline_code_structure_hash": "21794101d44f6155d0fb8775dff489b2c04ec6e453fd577e8e5319315f476a8b"
    },
    "py://packages/stitcher-stubgen/src/stitcher/stubgen/__init__.py#StubgenService.set_renderer": {
      "baseline_code_signature_text": "def set_renderer(self, renderer: DocstringRendererProtocol) -> None:",
      "baseline_code_structure_hash": "dbf406fb1ca88903cbc9089be3ba1a9820b10686acdb3b9fc06f8854138f95c9"
    },
    "py://packages/stitcher-stubgen/src/stitcher/stubgen/__init__.py#__all__": {},
    "py://packages/stitcher-stubgen/src/stitcher/stubgen/__init__.py#__path__": {},
    "py://packages/stitcher-stubgen/src/stitcher/stubgen/generator.py#PythonStubGenerator": {
      "baseline_code_signature_text": "class PythonStubGenerator:",
      "baseline_code_structure_hash": "9393624344dc73a81d48f00f2ae3e0e32a7775eb62e8ce4fb8e62b4bb9ef40ac"
    },
    "py://packages/stitcher-stubgen/src/stitcher/stubgen/generator.py#PythonStubGenerator.__init__": {
      "baseline_code_signature_text": "def __init__(self, indent_spaces: int = 4):",
      "baseline_code_structure_hash": "bf3773335a05535d9bdecfaf1badb06bd290c625387a20b51b5162be7272c020"
    },
    "py://packages/stitcher-stubgen/src/stitcher/stubgen/generator.py#PythonStubGenerator._generate_args": {
      "baseline_code_signature_text": "def _generate_args(self, args: List[Argument]) -> str:",
      "baseline_code_structure_hash": "6e578736f91d7857251f57b10cea492acaa22cd340b9ca887fcbd0dca606b689"
    },
    "py://packages/stitcher-stubgen/src/stitcher/stubgen/generator.py#PythonStubGenerator._generate_attribute": {
      "baseline_code_signature_text": "def _generate_attribute(self, attr: Attribute, level: int, include_value: bool = True) -> str:",
      "baseline_code_structure_hash": "9a5b375db47393a17ba813fca65f989c4aa05bf7dbc6cc6f3285e7e095c4e099"
    },
    "py://packages/stitcher-stubgen/src/stitcher/stubgen/generator.py#PythonStubGenerator._generate_class": {
      "baseline_code_signature_text": "def _generate_class(self, cls: ClassDef, level: int) -> str:",
      "baseline_code_structure_hash": "c15c398df0f1076e398c63a58910a81f006f0c7c405045a2ef98a755d333e890"
    },
    "py://packages/stitcher-stubgen/src/stitcher/stubgen/generator.py#PythonStubGenerator._generate_function": {
      "baseline_code_signature_text": "def _generate_function(self, func: FunctionDef, level: int) -> str:",
      "baseline_code_structure_hash": "be1e575ddd4f4d1b961ec3c48cac2c7e653960e3651b5f060922b63b3d68589c"
    },
    "py://packages/stitcher-stubgen/src/stitcher/stubgen/generator.py#PythonStubGenerator._indent": {
      "baseline_code_signature_text": "def _indent(self, level: int) -> str:",
      "baseline_code_structure_hash": "a11b39446cc42f76bd4015a1e6b4844a4648923a8ef15ffdd8ad0a1831ea1d16"
    },
    "py://packages/stitcher-stubgen/src/stitcher/stubgen/generator.py#PythonStubGenerator._indent_str": {},
    "py://packages/stitcher-stubgen/src/stitcher/stubgen/generator.py#PythonStubGenerator.generate": {
      "baseline_code_signature_text": "def generate(self, module: ModuleDef) -> str:",
      "baseline_code_structure_hash": "adacc0cc22b1339cccea480553349f87a33d15a01b47bf8dffc816c42b0cee5a"
    },
    "py://packages/stitcher-stubgen/src/stitcher/stubgen/runners.py#GenerateRunner": {
      "baseline_code_signature_text": "class GenerateRunner:",
      "baseline_code_structure_hash": "70b16df5bba9a5b9159ba25b70d6972c38342f9441ec98a36f99d2f381f7ba2f"
    },
    "py://packages/stitcher-stubgen/src/stitcher/stubgen/runners.py#GenerateRunner.__init__": {
      "baseline_code_signature_text": "def __init__(self, root_path: Path, scanner: ScannerService, doc_manager: DocumentManager, stub_pkg_manager: StubPackageManager, generator: StubGeneratorProtocol, transformer: LanguageTransformerProtocol):",
      "baseline_code_structure_hash": "bbf9f2f6ec536c4d3bd7713e79f463ac1720679fee2166a20b3903dc7620680e"
    },
    "py://packages/stitcher-stubgen/src/stitcher/stubgen/runners.py#GenerateRunner._render_docs_for_module": {
      "baseline_code_signature_text": "def _render_docs_for_module(self, module: ModuleDef) -> Dict[str, str]:",
      "baseline_code_structure_hash": "15c4b4d889484fb853dcd85cc28f30b392a2a5021650f9fe3d3c11d87545336e"
    },
    "py://packages/stitcher-stubgen/src/stitcher/stubgen/runners.py#GenerateRunner._scaffold_stub_package": {
      "baseline_code_signature_text": "def _scaffold_stub_package(self, config: StitcherConfig, stub_base_name: Optional[str], tm: TransactionManager):",
      "baseline_code_structure_hash": "5a72a6561b8062e9506e29c44f27370c9787b0832e74262e7c037badca43a7f3"
    },
    "py://packages/stitcher-stubgen/src/stitcher/stubgen/runners.py#GenerateRunner.doc_manager": {},
    "py://packages/stitcher-stubgen/src/stitcher/stubgen/runners.py#GenerateRunner.generator": {},
    "py://packages/stitcher-stubgen/src/stitcher/stubgen/runners.py#GenerateRunner.renderer": {},
    "py://packages/stitcher-stubgen/src/stitcher/stubgen/runners.py#GenerateRunner.root_path": {},
    "py://packages/stitcher-stubgen/src/stitcher/stubgen/runners.py#GenerateRunner.run_batch": {
      "baseline_code_signature_text": "def run_batch(self, modules: List[ModuleDef], config: StitcherConfig, tm: TransactionManager, project_name: Optional[str] = None) -> List[Path]:",
      "baseline_code_structure_hash": "3df17a1e424ecd334285a4c855792c9aedf901192234b0847eff4fe7d649ff9f"
    },
    "py://packages/stitcher-stubgen/src/stitcher/stubgen/runners.py#GenerateRunner.scanner": {},
    "py://packages/stitcher-stubgen/src/stitcher/stubgen/runners.py#GenerateRunner.set_renderer": {
      "baseline_code_signature_text": "def set_renderer(self, renderer: DocstringRendererProtocol) -> None:",
      "baseline_code_structure_hash": "dbf406fb1ca88903cbc9089be3ba1a9820b10686acdb3b9fc06f8854138f95c9"
    },
    "py://packages/stitcher-stubgen/src/stitcher/stubgen/runners.py#GenerateRunner.stub_pkg_manager": {},
    "py://packages/stitcher-stubgen/src/stitcher/stubgen/runners.py#GenerateRunner.transformer": {},
    "py://packages/stitcher-stubgen/src/stitcher/stubgen/services.py#StubPackageManager": {
      "baseline_code_signature_text": "class StubPackageManager:",
      "baseline_code_structure_hash": "472a079719a35ee29197ad9062051203539f3d41ed0e670f2b4f230a61c8aa4b"
    },
    "py://packages/stitcher-stubgen/src/stitcher/stubgen/services.py#StubPackageManager._get_pep561_logical_path": {
      "baseline_code_signature_text": "def _get_pep561_logical_path(logical_path: Path) -> Path:",
      "baseline_code_structure_hash": "72aeb6dbee827058e60937a7bd5973ef066bf8db9e815f8f85488a35ada323d1"
    },
    "py://packages/stitcher-stubgen/src/stitcher/stubgen/services.py#StubPackageManager.scaffold": {
      "baseline_code_signature_text": "def scaffold(self, package_path: Path, source_project_name: str, package_namespace: str, tm: TransactionManager, root_path: Path) -> bool:",
      "baseline_code_structure_hash": "888151e3e9987d43913fbed7a9d419c3d97ec084ffcaa4ec85f1d3a1e87768da"
    }
  },
  "version": "1.0"
}
